
Microsoft Visual Studio Solution File, Format Version 12.00
# Visual Studio Version 17
VisualStudioVersion = 17.1.32328.378
MinimumVisualStudioVersion = 10.0.40219.1
Project("{8BC9CEB8-8B4A-11D0-8D11-00A0C91BC942}") = "pro1", "pro1\pro1.vcxproj", "{9EEF67BE-E815-4D33-988C-735D502C1A61}"
EndProject
Project("{8BC9CEB8-8B4A-11D0-8D11-00A0C91BC942}") = "pro2", "pro2\pro2.vcxproj", "{559E24B3-7EE3-4C66-988C-8F2EA136A5E2}"
EndProject
Project("{8BC9CEB8-8B4A-11D0-8D11-00A0C91BC942}") = "pro3", "pro3\pro3.vcxproj", "{9CE0035D-29BE-4D2D-A171-5EABE9998E14}"
EndProject
Global
	GlobalSection(SolutionConfigurationPlatforms) = preSolution
		Debug|x64 = Debug|x64
		Debug|x86 = Debug|x86
		Release|x64 = Release|x64
		Release|x86 = Release|x86
	EndGlobalSection
	GlobalSection(ProjectConfigurationPlatforms) = postSolution
		{9EEF67BE-E815-4D33-988C-735D502C1A61}.Debug|x64.ActiveCfg = Debug|x64
		{9EEF67BE-E815-4D33-988C-735D502C1A61}.Debug|x64.Build.0 = Debug|x64
		{9EEF67BE-E815-4D33-988C-735D502C1A61}.Debug|x86.ActiveCfg = Debug|Win32
		{9EEF67BE-E815-4D33-988C-735D502C1A61}.Debug|x86.Build.0 = Debug|Win32
		{9EEF67BE-E815-4D33-988C-735D502C1A61}.Release|x64.ActiveCfg = Release|x64
		{9EEF67BE-E815-4D33-988C-735D502C1A61}.Release|x64.Build.0 = Release|x64
		{9EEF67BE-E815-4D33-988C-735D502C1A61}.Release|x86.ActiveCfg = Release|Win32
		{9EEF67BE-E815-4D33-988C-735D502C1A61}.Release|x86.Build.0 = Release|Win32
		{559E24B3-7EE3-4C66-988C-8F2EA136A5E2}.Debug|x64.ActiveCfg = Debug|x64
		{559E24B3-7EE3-4C66-988C-8F2EA136A5E2}.Debug|x64.Build.0 = Debug|x64
		{559E24B3-7EE3-4C66-988C-8F2EA136A5E2}.Debug|x86.ActiveCfg = Debug|Win32
		{559E24B3-7EE3-4C66-988C-8F2EA136A5E2}.Debug|x86.Build.0 = Debug|Win32
		{559E24B3-7EE3-4C66-988C-8F2EA136A5E2}.Release|x64.ActiveCfg = Release|x64
		{559E24B3-7EE3-4C66-988C-8F2EA136A5E2}.Release|x64.Build.0 = Release|x64
		{559E24B3-7EE3-4C66-988C-8F2EA136A5E2}.Release|x86.ActiveCfg = Release|Win32
		{559E24B3-7EE3-4C66-988C-8F2EA136A5E2}.Release|x86.Build.0 = Release|Win32
		{9CE0035D-29BE-4D2D-A171-5EABE9998E14}.Debug|x64.ActiveCfg = Debug|x64
		{9CE0035D-29BE-4D2D-A171-5EABE9998E14}.Debug|x64.Build.0 = Debug|x64
		{9CE0035D-29BE-4D2D-A171-5EABE9998E14}.Debug|x86.ActiveCfg = Debug|Win32
		{9CE0035D-29BE-4D2D-A171-5EABE9998E14}.Debug|x86.Build.0 = Debug|Win32
		{9CE0035D-29BE-4D2D-A171-5EABE9998E14}.Release|x64.ActiveCfg = Release|x64
		{9CE0035D-29BE-4D2D-A171-5EABE9998E14}.Release|x64.Build.0 = Release|x64
		{9CE0035D-29BE-4D2D-A171-5EABE9998E14}.Release|x86.ActiveCfg = Release|Win32
		{9CE0035D-29BE-4D2D-A171-5EABE9998E14}.Release|x86.Build.0 = Release|Win32
	EndGlobalSection
	GlobalSection(SolutionProperties) = preSolution
		HideSolutionNode = FALSE
	EndGlobalSection
	GlobalSection(ExtensibilityGlobals) = postSolution
		SolutionGuid = {DBDC25AB-ABE2-436F-999A-BA25B11F10BE}
	EndGlobalSection
EndGlobal
