
Microsoft Visual Studio Solution File, Format Version 12.00
# Visual Studio Version 17
VisualStudioVersion = 17.1.32328.378
MinimumVisualStudioVersion = 10.0.40219.1
Project("{8BC9CEB8-8B4A-11D0-8D11-00A0C91BC942}") = "pro1", "pro1\pro1.vcxproj", "{C33B31FF-E0FD-4FCF-9902-1BFD4B2DC969}"
EndProject
Project("{8BC9CEB8-8B4A-11D0-8D11-00A0C91BC942}") = "pro2", "pro2\pro2.vcxproj", "{2D9101B8-5146-4A84-99CA-A40E0CF6E1DB}"
EndProject
Project("{8BC9CEB8-8B4A-11D0-8D11-00A0C91BC942}") = "pro3", "pro3\pro3.vcxproj", "{3BD99D73-B319-4B29-9E27-3132F6E16792}"
EndProject
Global
	GlobalSection(SolutionConfigurationPlatforms) = preSolution
		Debug|x64 = Debug|x64
		Debug|x86 = Debug|x86
		Release|x64 = Release|x64
		Release|x86 = Release|x86
	EndGlobalSection
	GlobalSection(ProjectConfigurationPlatforms) = postSolution
		{C33B31FF-E0FD-4FCF-9902-1BFD4B2DC969}.Debug|x64.ActiveCfg = Debug|x64
		{C33B31FF-E0FD-4FCF-9902-1BFD4B2DC969}.Debug|x64.Build.0 = Debug|x64
		{C33B31FF-E0FD-4FCF-9902-1BFD4B2DC969}.Debug|x86.ActiveCfg = Debug|Win32
		{C33B31FF-E0FD-4FCF-9902-1BFD4B2DC969}.Debug|x86.Build.0 = Debug|Win32
		{C33B31FF-E0FD-4FCF-9902-1BFD4B2DC969}.Release|x64.ActiveCfg = Release|x64
		{C33B31FF-E0FD-4FCF-9902-1BFD4B2DC969}.Release|x64.Build.0 = Release|x64
		{C33B31FF-E0FD-4FCF-9902-1BFD4B2DC969}.Release|x86.ActiveCfg = Release|Win32
		{C33B31FF-E0FD-4FCF-9902-1BFD4B2DC969}.Release|x86.Build.0 = Release|Win32
		{2D9101B8-5146-4A84-99CA-A40E0CF6E1DB}.Debug|x64.ActiveCfg = Debug|x64
		{2D9101B8-5146-4A84-99CA-A40E0CF6E1DB}.Debug|x64.Build.0 = Debug|x64
		{2D9101B8-5146-4A84-99CA-A40E0CF6E1DB}.Debug|x86.ActiveCfg = Debug|Win32
		{2D9101B8-5146-4A84-99CA-A40E0CF6E1DB}.Debug|x86.Build.0 = Debug|Win32
		{2D9101B8-5146-4A84-99CA-A40E0CF6E1DB}.Release|x64.ActiveCfg = Release|x64
		{2D9101B8-5146-4A84-99CA-A40E0CF6E1DB}.Release|x64.Build.0 = Release|x64
		{2D9101B8-5146-4A84-99CA-A40E0CF6E1DB}.Release|x86.ActiveCfg = Release|Win32
		{2D9101B8-5146-4A84-99CA-A40E0CF6E1DB}.Release|x86.Build.0 = Release|Win32
		{3BD99D73-B319-4B29-9E27-3132F6E16792}.Debug|x64.ActiveCfg = Debug|x64
		{3BD99D73-B319-4B29-9E27-3132F6E16792}.Debug|x64.Build.0 = Debug|x64
		{3BD99D73-B319-4B29-9E27-3132F6E16792}.Debug|x86.ActiveCfg = Debug|Win32
		{3BD99D73-B319-4B29-9E27-3132F6E16792}.Debug|x86.Build.0 = Debug|Win32
		{3BD99D73-B319-4B29-9E27-3132F6E16792}.Release|x64.ActiveCfg = Release|x64
		{3BD99D73-B319-4B29-9E27-3132F6E16792}.Release|x64.Build.0 = Release|x64
		{3BD99D73-B319-4B29-9E27-3132F6E16792}.Release|x86.ActiveCfg = Release|Win32
		{3BD99D73-B319-4B29-9E27-3132F6E16792}.Release|x86.Build.0 = Release|Win32
	EndGlobalSection
	GlobalSection(SolutionProperties) = preSolution
		HideSolutionNode = FALSE
	EndGlobalSection
	GlobalSection(ExtensibilityGlobals) = postSolution
		SolutionGuid = {6E9B0DFC-0856-4C15-BBED-629C3B5EC9A6}
	EndGlobalSection
EndGlobal
