
Microsoft Visual Studio Solution File, Format Version 12.00
# Visual Studio Version 17
VisualStudioVersion = 17.1.32328.378
MinimumVisualStudioVersion = 10.0.40219.1
Project("{8BC9CEB8-8B4A-11D0-8D11-00A0C91BC942}") = "pro1", "pro1\pro1.vcxproj", "{DFE46895-DFE4-4A42-ADFA-4A822AEF6C3B}"
EndProject
Project("{8BC9CEB8-8B4A-11D0-8D11-00A0C91BC942}") = "pro2", "pro2\pro2.vcxproj", "{265C0BDF-EA52-4403-B551-3766045D0F83}"
EndProject
Project("{8BC9CEB8-8B4A-11D0-8D11-00A0C91BC942}") = "pro3", "pro3\pro3.vcxproj", "{45564A52-E2AD-4DB7-AD27-36078597BD41}"
EndProject
Project("{8BC9CEB8-8B4A-11D0-8D11-00A0C91BC942}") = "pro4", "pro4\pro4.vcxproj", "{59B22A51-05A0-417F-B82A-0D47E6DE215C}"
EndProject
Project("{8BC9CEB8-8B4A-11D0-8D11-00A0C91BC942}") = "pro5", "pro5\pro5.vcxproj", "{BB5867A2-4052-4480-9C7E-F2252A1D6E56}"
EndProject
Project("{8BC9CEB8-8B4A-11D0-8D11-00A0C91BC942}") = "pro6", "pro6\pro6.vcxproj", "{583A0F80-A276-4887-BF7D-2D28E1BCF6CA}"
EndProject
Project("{8BC9CEB8-8B4A-11D0-8D11-00A0C91BC942}") = "pro7", "pro7\pro7.vcxproj", "{679FD1BE-228A-43A9-A321-3FBC5396232E}"
EndProject
Project("{8BC9CEB8-8B4A-11D0-8D11-00A0C91BC942}") = "pro8", "pro8\pro8.vcxproj", "{A2CD9925-CA12-485B-A836-03F7092FE344}"
EndProject
Project("{8BC9CEB8-8B4A-11D0-8D11-00A0C91BC942}") = "pro9", "pro9\pro9.vcxproj", "{E9AD4266-61AB-4777-81B5-B76D2843F0EB}"
EndProject
Project("{8BC9CEB8-8B4A-11D0-8D11-00A0C91BC942}") = "pro10", "pro10\pro10.vcxproj", "{A1309FCA-E43D-40D3-B36F-3542F3565DD4}"
EndProject
Global
	GlobalSection(SolutionConfigurationPlatforms) = preSolution
		Debug|x64 = Debug|x64
		Debug|x86 = Debug|x86
		Release|x64 = Release|x64
		Release|x86 = Release|x86
	EndGlobalSection
	GlobalSection(ProjectConfigurationPlatforms) = postSolution
		{DFE46895-DFE4-4A42-ADFA-4A822AEF6C3B}.Debug|x64.ActiveCfg = Debug|x64
		{DFE46895-DFE4-4A42-ADFA-4A822AEF6C3B}.Debug|x64.Build.0 = Debug|x64
		{DFE46895-DFE4-4A42-ADFA-4A822AEF6C3B}.Debug|x86.ActiveCfg = Debug|Win32
		{DFE46895-DFE4-4A42-ADFA-4A822AEF6C3B}.Debug|x86.Build.0 = Debug|Win32
		{DFE46895-DFE4-4A42-ADFA-4A822AEF6C3B}.Release|x64.ActiveCfg = Release|x64
		{DFE46895-DFE4-4A42-ADFA-4A822AEF6C3B}.Release|x64.Build.0 = Release|x64
		{DFE46895-DFE4-4A42-ADFA-4A822AEF6C3B}.Release|x86.ActiveCfg = Release|Win32
		{DFE46895-DFE4-4A42-ADFA-4A822AEF6C3B}.Release|x86.Build.0 = Release|Win32
		{265C0BDF-EA52-4403-B551-3766045D0F83}.Debug|x64.ActiveCfg = Debug|x64
		{265C0BDF-EA52-4403-B551-3766045D0F83}.Debug|x64.Build.0 = Debug|x64
		{265C0BDF-EA52-4403-B551-3766045D0F83}.Debug|x86.ActiveCfg = Debug|Win32
		{265C0BDF-EA52-4403-B551-3766045D0F83}.Debug|x86.Build.0 = Debug|Win32
		{265C0BDF-EA52-4403-B551-3766045D0F83}.Release|x64.ActiveCfg = Release|x64
		{265C0BDF-EA52-4403-B551-3766045D0F83}.Release|x64.Build.0 = Release|x64
		{265C0BDF-EA52-4403-B551-3766045D0F83}.Release|x86.ActiveCfg = Release|Win32
		{265C0BDF-EA52-4403-B551-3766045D0F83}.Release|x86.Build.0 = Release|Win32
		{45564A52-E2AD-4DB7-AD27-36078597BD41}.Debug|x64.ActiveCfg = Debug|x64
		{45564A52-E2AD-4DB7-AD27-36078597BD41}.Debug|x64.Build.0 = Debug|x64
		{45564A52-E2AD-4DB7-AD27-36078597BD41}.Debug|x86.ActiveCfg = Debug|Win32
		{45564A52-E2AD-4DB7-AD27-36078597BD41}.Debug|x86.Build.0 = Debug|Win32
		{45564A52-E2AD-4DB7-AD27-36078597BD41}.Release|x64.ActiveCfg = Release|x64
		{45564A52-E2AD-4DB7-AD27-36078597BD41}.Release|x64.Build.0 = Release|x64
		{45564A52-E2AD-4DB7-AD27-36078597BD41}.Release|x86.ActiveCfg = Release|Win32
		{45564A52-E2AD-4DB7-AD27-36078597BD41}.Release|x86.Build.0 = Release|Win32
		{59B22A51-05A0-417F-B82A-0D47E6DE215C}.Debug|x64.ActiveCfg = Debug|x64
		{59B22A51-05A0-417F-B82A-0D47E6DE215C}.Debug|x64.Build.0 = Debug|x64
		{59B22A51-05A0-417F-B82A-0D47E6DE215C}.Debug|x86.ActiveCfg = Debug|Win32
		{59B22A51-05A0-417F-B82A-0D47E6DE215C}.Debug|x86.Build.0 = Debug|Win32
		{59B22A51-05A0-417F-B82A-0D47E6DE215C}.Release|x64.ActiveCfg = Release|x64
		{59B22A51-05A0-417F-B82A-0D47E6DE215C}.Release|x64.Build.0 = Release|x64
		{59B22A51-05A0-417F-B82A-0D47E6DE215C}.Release|x86.ActiveCfg = Release|Win32
		{59B22A51-05A0-417F-B82A-0D47E6DE215C}.Release|x86.Build.0 = Release|Win32
		{BB5867A2-4052-4480-9C7E-F2252A1D6E56}.Debug|x64.ActiveCfg = Debug|x64
		{BB5867A2-4052-4480-9C7E-F2252A1D6E56}.Debug|x64.Build.0 = Debug|x64
		{BB5867A2-4052-4480-9C7E-F2252A1D6E56}.Debug|x86.ActiveCfg = Debug|Win32
		{BB5867A2-4052-4480-9C7E-F2252A1D6E56}.Debug|x86.Build.0 = Debug|Win32
		{BB5867A2-4052-4480-9C7E-F2252A1D6E56}.Release|x64.ActiveCfg = Release|x64
		{BB5867A2-4052-4480-9C7E-F2252A1D6E56}.Release|x64.Build.0 = Release|x64
		{BB5867A2-4052-4480-9C7E-F2252A1D6E56}.Release|x86.ActiveCfg = Release|Win32
		{BB5867A2-4052-4480-9C7E-F2252A1D6E56}.Release|x86.Build.0 = Release|Win32
		{583A0F80-A276-4887-BF7D-2D28E1BCF6CA}.Debug|x64.ActiveCfg = Debug|x64
		{583A0F80-A276-4887-BF7D-2D28E1BCF6CA}.Debug|x64.Build.0 = Debug|x64
		{583A0F80-A276-4887-BF7D-2D28E1BCF6CA}.Debug|x86.ActiveCfg = Debug|Win32
		{583A0F80-A276-4887-BF7D-2D28E1BCF6CA}.Debug|x86.Build.0 = Debug|Win32
		{583A0F80-A276-4887-BF7D-2D28E1BCF6CA}.Release|x64.ActiveCfg = Release|x64
		{583A0F80-A276-4887-BF7D-2D28E1BCF6CA}.Release|x64.Build.0 = Release|x64
		{583A0F80-A276-4887-BF7D-2D28E1BCF6CA}.Release|x86.ActiveCfg = Release|Win32
		{583A0F80-A276-4887-BF7D-2D28E1BCF6CA}.Release|x86.Build.0 = Release|Win32
		{679FD1BE-228A-43A9-A321-3FBC5396232E}.Debug|x64.ActiveCfg = Debug|x64
		{679FD1BE-228A-43A9-A321-3FBC5396232E}.Debug|x64.Build.0 = Debug|x64
		{679FD1BE-228A-43A9-A321-3FBC5396232E}.Debug|x86.ActiveCfg = Debug|Win32
		{679FD1BE-228A-43A9-A321-3FBC5396232E}.Debug|x86.Build.0 = Debug|Win32
		{679FD1BE-228A-43A9-A321-3FBC5396232E}.Release|x64.ActiveCfg = Release|x64
		{679FD1BE-228A-43A9-A321-3FBC5396232E}.Release|x64.Build.0 = Release|x64
		{679FD1BE-228A-43A9-A321-3FBC5396232E}.Release|x86.ActiveCfg = Release|Win32
		{679FD1BE-228A-43A9-A321-3FBC5396232E}.Release|x86.Build.0 = Release|Win32
		{A2CD9925-CA12-485B-A836-03F7092FE344}.Debug|x64.ActiveCfg = Debug|x64
		{A2CD9925-CA12-485B-A836-03F7092FE344}.Debug|x64.Build.0 = Debug|x64
		{A2CD9925-CA12-485B-A836-03F7092FE344}.Debug|x86.ActiveCfg = Debug|Win32
		{A2CD9925-CA12-485B-A836-03F7092FE344}.Debug|x86.Build.0 = Debug|Win32
		{A2CD9925-CA12-485B-A836-03F7092FE344}.Release|x64.ActiveCfg = Release|x64
		{A2CD9925-CA12-485B-A836-03F7092FE344}.Release|x64.Build.0 = Release|x64
		{A2CD9925-CA12-485B-A836-03F7092FE344}.Release|x86.ActiveCfg = Release|Win32
		{A2CD9925-CA12-485B-A836-03F7092FE344}.Release|x86.Build.0 = Release|Win32
		{E9AD4266-61AB-4777-81B5-B76D2843F0EB}.Debug|x64.ActiveCfg = Debug|x64
		{E9AD4266-61AB-4777-81B5-B76D2843F0EB}.Debug|x64.Build.0 = Debug|x64
		{E9AD4266-61AB-4777-81B5-B76D2843F0EB}.Debug|x86.ActiveCfg = Debug|Win32
		{E9AD4266-61AB-4777-81B5-B76D2843F0EB}.Debug|x86.Build.0 = Debug|Win32
		{E9AD4266-61AB-4777-81B5-B76D2843F0EB}.Release|x64.ActiveCfg = Release|x64
		{E9AD4266-61AB-4777-81B5-B76D2843F0EB}.Release|x64.Build.0 = Release|x64
		{E9AD4266-61AB-4777-81B5-B76D2843F0EB}.Release|x86.ActiveCfg = Release|Win32
		{E9AD4266-61AB-4777-81B5-B76D2843F0EB}.Release|x86.Build.0 = Release|Win32
		{A1309FCA-E43D-40D3-B36F-3542F3565DD4}.Debug|x64.ActiveCfg = Debug|x64
		{A1309FCA-E43D-40D3-B36F-3542F3565DD4}.Debug|x64.Build.0 = Debug|x64
		{A1309FCA-E43D-40D3-B36F-3542F3565DD4}.Debug|x86.ActiveCfg = Debug|Win32
		{A1309FCA-E43D-40D3-B36F-3542F3565DD4}.Debug|x86.Build.0 = Debug|Win32
		{A1309FCA-E43D-40D3-B36F-3542F3565DD4}.Release|x64.ActiveCfg = Release|x64
		{A1309FCA-E43D-40D3-B36F-3542F3565DD4}.Release|x64.Build.0 = Release|x64
		{A1309FCA-E43D-40D3-B36F-3542F3565DD4}.Release|x86.ActiveCfg = Release|Win32
		{A1309FCA-E43D-40D3-B36F-3542F3565DD4}.Release|x86.Build.0 = Release|Win32
	EndGlobalSection
	GlobalSection(SolutionProperties) = preSolution
		HideSolutionNode = FALSE
	EndGlobalSection
	GlobalSection(ExtensibilityGlobals) = postSolution
		SolutionGuid = {4E8FFD48-4FD6-4E59-99A5-72B2601CCA5B}
	EndGlobalSection
EndGlobal
